// !$*UTF8*$!
{
	archiveVersion = 1;
	classes = {
	};
	objectVersion = 46;
	objects = {

/* Begin PBXBuildFile section */
		284E374F1C69BD2E0087EE9B /* main.m in Sources */ = {isa = PBXBuildFile; fileRef = 284E374E1C69BD2E0087EE9B /* main.m */; };
		284E37521C69BD2E0087EE9B /* AppDelegate.m in Sources */ = {isa = PBXBuildFile; fileRef = 284E37511C69BD2E0087EE9B /* AppDelegate.m */; };
		284E37551C69BD2E0087EE9B /* ViewController.m in Sources */ = {isa = PBXBuildFile; fileRef = 284E37541C69BD2E0087EE9B /* ViewController.m */; };
		284E37581C69BD2E0087EE9B /* Main.storyboard in Resources */ = {isa = PBXBuildFile; fileRef = 284E37561C69BD2E0087EE9B /* Main.storyboard */; };
		284E375B1C69BD2E0087EE9B /* iLoad223Remington.xcdatamodeld in Sources */ = {isa = PBXBuildFile; fileRef = 284E37591C69BD2E0087EE9B /* iLoad223Remington.xcdatamodeld */; };
		284E375D1C69BD2E0087EE9B /* Assets.xcassets in Resources */ = {isa = PBXBuildFile; fileRef = 284E375C1C69BD2E0087EE9B /* Assets.xcassets */; };
		284E37601C69BD2E0087EE9B /* LaunchScreen.storyboard in Resources */ = {isa = PBXBuildFile; fileRef = 284E375E1C69BD2E0087EE9B /* LaunchScreen.storyboard */; };
		284E376B1C69BD2E0087EE9B /* iLoad223RemingtonTests.m in Sources */ = {isa = PBXBuildFile; fileRef = 284E376A1C69BD2E0087EE9B /* iLoad223RemingtonTests.m */; };
		284E37761C69BD2E0087EE9B /* iLoad223RemingtonUITests.m in Sources */ = {isa = PBXBuildFile; fileRef = 284E37751C69BD2E0087EE9B /* iLoad223RemingtonUITests.m */; };
/* End PBXBuildFile section */

/* Begin PBXContainerItemProxy section */
		284E37671C69BD2E0087EE9B /* PBXContainerItemProxy */ = {
			isa = PBXContainerItemProxy;
			containerPortal = 284E37421C69BD2E0087EE9B /* Project object */;
			proxyType = 1;
			remoteGlobalIDString = 284E37491C69BD2E0087EE9B;
			remoteInfo = iLoad223Remington;
		};
		284E37721C69BD2E0087EE9B /* PBXContainerItemProxy */ = {
			isa = PBXContainerItemProxy;
			containerPortal = 284E37421C69BD2E0087EE9B /* Project object */;
			proxyType = 1;
			remoteGlobalIDString = 284E37491C69BD2E0087EE9B;
			remoteInfo = iLoad223Remington;
		};
/* End PBXContainerItemProxy section */

/* Begin PBXFileReference section */
		284E374A1C69BD2E0087EE9B /* iLoad223Remington.app */ = {isa = PBXFileReference; explicitFileType = wrapper.application; includeInIndex = 0; path = iLoad223Remington.app; sourceTree = BUILT_PRODUCTS_DIR; };
		284E374E1C69BD2E0087EE9B /* main.m */ = {isa = PBXFileReference; lastKnownFileType = sourcecode.c.objc; path = main.m; sourceTree = "<group>"; };
		284E37501C69BD2E0087EE9B /* AppDelegate.h */ = {isa = PBXFileReference; lastKnownFileType = sourcecode.c.h; path = AppDelegate.h; sourceTree = "<group>"; };
		284E37511C69BD2E0087EE9B /* AppDelegate.m */ = {isa = PBXFileReference; lastKnownFileType = sourcecode.c.objc; path = AppDelegate.m; sourceTree = "<group>"; };
		284E37531C69BD2E0087EE9B /* ViewController.h */ = {isa = PBXFileReference; lastKnownFileType = sourcecode.c.h; path = ViewController.h; sourceTree = "<group>"; };
		284E37541C69BD2E0087EE9B /* ViewController.m */ = {isa = PBXFileReference; lastKnownFileType = sourcecode.c.objc; path = ViewController.m; sourceTree = "<group>"; };
		284E37571C69BD2E0087EE9B /* Base */ = {isa = PBXFileReference; lastKnownFileType = file.storyboard; name = Base; path = Base.lproj/Main.storyboard; sourceTree = "<group>"; };
		284E375A1C69BD2E0087EE9B /* iLoad223Remington.xcdatamodel */ = {isa = PBXFileReference; lastKnownFileType = wrapper.xcdatamodel; path = iLoad223Remington.xcdatamodel; sourceTree = "<group>"; };
		284E375C1C69BD2E0087EE9B /* Assets.xcassets */ = {isa = PBXFileReference; lastKnownFileType = folder.assetcatalog; path = Assets.xcassets; sourceTree = "<group>"; };
		284E375F1C69BD2E0087EE9B /* Base */ = {isa = PBXFileReference; lastKnownFileType = file.storyboard; name = Base; path = Base.lproj/LaunchScreen.storyboard; sourceTree = "<group>"; };
		284E37611C69BD2E0087EE9B /* Info.plist */ = {isa = PBXFileReference; lastKnownFileType = text.plist.xml; path = Info.plist; sourceTree = "<group>"; };
		284E37661C69BD2E0087EE9B /* iLoad223RemingtonTests.xctest */ = {isa = PBXFileReference; explicitFileType = wrapper.cfbundle; includeInIndex = 0; path = iLoad223RemingtonTests.xctest; sourceTree = BUILT_PRODUCTS_DIR; };
		284E376A1C69BD2E0087EE9B /* iLoad223RemingtonTests.m */ = {isa = PBXFileReference; lastKnownFileType = sourcecode.c.objc; path = iLoad223RemingtonTests.m; sourceTree = "<group>"; };
		284E376C1C69BD2E0087EE9B /* Info.plist */ = {isa = PBXFileReference; lastKnownFileType = text.plist.xml; path = Info.plist; sourceTree = "<group>"; };
		284E37711C69BD2E0087EE9B /* iLoad223RemingtonUITests.xctest */ = {isa = PBXFileReference; explicitFileType = wrapper.cfbundle; includeInIndex = 0; path = iLoad223RemingtonUITests.xctest; sourceTree = BUILT_PRODUCTS_DIR; };
		284E37751C69BD2E0087EE9B /* iLoad223RemingtonUITests.m */ = {isa = PBXFileReference; lastKnownFileType = sourcecode.c.objc; path = iLoad223RemingtonUITests.m; sourceTree = "<group>"; };
		284E37771C69BD2E0087EE9B /* Info.plist */ = {isa = PBXFileReference; lastKnownFileType = text.plist.xml; path = Info.plist; sourceTree = "<group>"; };
/* End PBXFileReference section */

/* Begin PBXFrameworksBuildPhase section */
		284E37471C69BD2E0087EE9B /* Frameworks */ = {
			isa = PBXFrameworksBuildPhase;
			buildActionMask = 2147483647;
			files = (
			);
			runOnlyForDeploymentPostprocessing = 0;
		};
		284E37631C69BD2E0087EE9B /* Frameworks */ = {
			isa = PBXFrameworksBuildPhase;
			buildActionMask = 2147483647;
			files = (
			);
			runOnlyForDeploymentPostprocessing = 0;
		};
		284E376E1C69BD2E0087EE9B /* Frameworks */ = {
			isa = PBXFrameworksBuildPhase;
			buildActionMask = 2147483647;
			files = (
			);
			runOnlyForDeploymentPostprocessing = 0;
		};
/* End PBXFrameworksBuildPhase section */

/* Begin PBXGroup section */
		284E37411C69BD2E0087EE9B = {
			isa = PBXGroup;
			children = (
				284E374C1C69BD2E0087EE9B /* iLoad223Remington */,
				284E37691C69BD2E0087EE9B /* iLoad223RemingtonTests */,
				284E37741C69BD2E0087EE9B /* iLoad223RemingtonUITests */,
				284E374B1C69BD2E0087EE9B /* Products */,
			);
			sourceTree = "<group>";
		};
		284E374B1C69BD2E0087EE9B /* Products */ = {
			isa = PBXGroup;
			children = (
				284E374A1C69BD2E0087EE9B /* iLoad223Remington.app */,
				284E37661C69BD2E0087EE9B /* iLoad223RemingtonTests.xctest */,
				284E37711C69BD2E0087EE9B /* iLoad223RemingtonUITests.xctest */,
			);
			name = Products;
			sourceTree = "<group>";
		};
		284E374C1C69BD2E0087EE9B /* iLoad223Remington */ = {
			isa = PBXGroup;
			children = (
				284E37501C69BD2E0087EE9B /* AppDelegate.h */,
				284E37511C69BD2E0087EE9B /* AppDelegate.m */,
				284E37531C69BD2E0087EE9B /* ViewController.h */,
				284E37541C69BD2E0087EE9B /* ViewController.m */,
				284E37561C69BD2E0087EE9B /* Main.storyboard */,
				284E375C1C69BD2E0087EE9B /* Assets.xcassets */,
				284E375E1C69BD2E0087EE9B /* LaunchScreen.storyboard */,
				284E37611C69BD2E0087EE9B /* Info.plist */,
				284E37591C69BD2E0087EE9B /* iLoad223Remington.xcdatamodeld */,
				284E374D1C69BD2E0087EE9B /* Supporting Files */,
			);
			path = iLoad223Remington;
			sourceTree = "<group>";
		};
		284E374D1C69BD2E0087EE9B /* Supporting Files */ = {
			isa = PBXGroup;
			children = (
				284E374E1C69BD2E0087EE9B /* main.m */,
			);
			name = "Supporting Files";
			sourceTree = "<group>";
		};
		284E37691C69BD2E0087EE9B /* iLoad223RemingtonTests */ = {
			isa = PBXGroup;
			children = (
				284E376A1C69BD2E0087EE9B /* iLoad223RemingtonTests.m */,
				284E376C1C69BD2E0087EE9B /* Info.plist */,
			);
			path = iLoad223RemingtonTests;
			sourceTree = "<group>";
		};
		284E37741C69BD2E0087EE9B /* iLoad223RemingtonUITests */ = {
			isa = PBXGroup;
			children = (
				284E37751C69BD2E0087EE9B /* iLoad223RemingtonUITests.m */,
				284E37771C69BD2E0087EE9B /* Info.plist */,
			);
			path = iLoad223RemingtonUITests;
			sourceTree = "<group>";
		};
/* End PBXGroup section */

/* Begin PBXNativeTarget section */
		284E37491C69BD2E0087EE9B /* iLoad223Remington */ = {
			isa = PBXNativeTarget;
			buildConfigurationList = 284E377A1C69BD2E0087EE9B /* Build configuration list for PBXNativeTarget "iLoad223Remington" */;
			buildPhases = (
				284E37461C69BD2E0087EE9B /* Sources */,
				284E37471C69BD2E0087EE9B /* Frameworks */,
				284E37481C69BD2E0087EE9B /* Resources */,
			);
			buildRules = (
			);
			dependencies = (
			);
			name = iLoad223Remington;
			productName = iLoad223Remington;
			productReference = 284E374A1C69BD2E0087EE9B /* iLoad223Remington.app */;
			productType = "com.apple.product-type.application";
		};
		284E37651C69BD2E0087EE9B /* iLoad223RemingtonTests */ = {
			isa = PBXNativeTarget;
			buildConfigurationList = 284E377D1C69BD2E0087EE9B /* Build configuration list for PBXNativeTarget "iLoad223RemingtonTests" */;
			buildPhases = (
				284E37621C69BD2E0087EE9B /* Sources */,
				284E37631C69BD2E0087EE9B /* Frameworks */,
				284E37641C69BD2E0087EE9B /* Resources */,
			);
			buildRules = (
			);
			dependencies = (
				284E37681C69BD2E0087EE9B /* PBXTargetDependency */,
			);
			name = iLoad223RemingtonTests;
			productName = iLoad223RemingtonTests;
			productReference = 284E37661C69BD2E0087EE9B /* iLoad223RemingtonTests.xctest */;
			productType = "com.apple.product-type.bundle.unit-test";
		};
		284E37701C69BD2E0087EE9B /* iLoad223RemingtonUITests */ = {
			isa = PBXNativeTarget;
			buildConfigurationList = 284E37801C69BD2E0087EE9B /* Build configuration list for PBXNativeTarget "iLoad223RemingtonUITests" */;
			buildPhases = (
				284E376D1C69BD2E0087EE9B /* Sources */,
				284E376E1C69BD2E0087EE9B /* Frameworks */,
				284E376F1C69BD2E0087EE9B /* Resources */,
			);
			buildRules = (
			);
			dependencies = (
				284E37731C69BD2E0087EE9B /* PBXTargetDependency */,
			);
			name = iLoad223RemingtonUITests;
			productName = iLoad223RemingtonUITests;
			productReference = 284E37711C69BD2E0087EE9B /* iLoad223RemingtonUITests.xctest */;
			productType = "com.apple.product-type.bundle.ui-testing";
		};
/* End PBXNativeTarget section */

/* Begin PBXProject section */
		284E37421C69BD2E0087EE9B /* Project object */ = {
			isa = PBXProject;
			attributes = {
				LastUpgradeCheck = 0720;
				ORGANIZATIONNAME = "___CapitolCitySoftwareLLC___";
				TargetAttributes = {
					284E37491C69BD2E0087EE9B = {
						CreatedOnToolsVersion = 7.2.1;
					};
					284E37651C69BD2E0087EE9B = {
						CreatedOnToolsVersion = 7.2.1;
						TestTargetID = 284E37491C69BD2E0087EE9B;
					};
					284E37701C69BD2E0087EE9B = {
						CreatedOnToolsVersion = 7.2.1;
						TestTargetID = 284E37491C69BD2E0087EE9B;
					};
				};
			};
			buildConfigurationList = 284E37451C69BD2E0087EE9B /* Build configuration list for PBXProject "iLoad223Remington" */;
			compatibilityVersion = "Xcode 3.2";
			developmentRegion = English;
			hasScannedForEncodings = 0;
			knownRegions = (
				en,
				Base,
			);
			mainGroup = 284E37411C69BD2E0087EE9B;
			productRefGroup = 284E374B1C69BD2E0087EE9B /* Products */;
			projectDirPath = "";
			projectRoot = "";
			targets = (
				284E37491C69BD2E0087EE9B /* iLoad223Remington */,
				284E37651C69BD2E0087EE9B /* iLoad223RemingtonTests */,
				284E37701C69BD2E0087EE9B /* iLoad223RemingtonUITests */,
			);
		};
/* End PBXProject section */

/* Begin PBXResourcesBuildPhase section */
		284E37481C69BD2E0087EE9B /* Resources */ = {
			isa = PBXResourcesBuildPhase;
			buildActionMask = 2147483647;
			files = (
				284E37601C69BD2E0087EE9B /* LaunchScreen.storyboard in Resources */,
				284E375D1C69BD2E0087EE9B /* Assets.xcassets in Resources */,
				284E37581C69BD2E0087EE9B /* Main.storyboard in Resources */,
			);
			runOnlyForDeploymentPostprocessing = 0;
		};
		284E37641C69BD2E0087EE9B /* Resources */ = {
			isa = PBXResourcesBuildPhase;
			buildActionMask = 2147483647;
			files = (
			);
			runOnlyForDeploymentPostprocessing = 0;
		};
		284E376F1C69BD2E0087EE9B /* Resources */ = {
			isa = PBXResourcesBuildPhase;
			buildActionMask = 2147483647;
			files = (
			);
			runOnlyForDeploymentPostprocessing = 0;
		};
/* End PBXResourcesBuildPhase section */

/* Begin PBXSourcesBuildPhase section */
		284E37461C69BD2E0087EE9B /* Sources */ = {
			isa = PBXSourcesBuildPhase;
			buildActionMask = 2147483647;
			files = (
				284E37551C69BD2E0087EE9B /* ViewController.m in Sources */,
				284E375B1C69BD2E0087EE9B /* iLoad223Remington.xcdatamodeld in Sources */,
				284E37521C69BD2E0087EE9B /* AppDelegate.m in Sources */,
				284E374F1C69BD2E0087EE9B /* main.m in Sources */,
			);
			runOnlyForDeploymentPostprocessing = 0;
		};
		284E37621C69BD2E0087EE9B /* Sources */ = {
			isa = PBXSourcesBuildPhase;
			buildActionMask = 2147483647;
			files = (
				284E376B1C69BD2E0087EE9B /* iLoad223RemingtonTests.m in Sources */,
			);
			runOnlyForDeploymentPostprocessing = 0;
		};
		284E376D1C69BD2E0087EE9B /* Sources */ = {
			isa = PBXSourcesBuildPhase;
			buildActionMask = 2147483647;
			files = (
				284E37761C69BD2E0087EE9B /* iLoad223RemingtonUITests.m in Sources */,
			);
			runOnlyForDeploymentPostprocessing = 0;
		};
/* End PBXSourcesBuildPhase section */

/* Begin PBXTargetDependency section */
		284E37681C69BD2E0087EE9B /* PBXTargetDependency */ = {
			isa = PBXTargetDependency;
			target = 284E37491C69BD2E0087EE9B /* iLoad223Remington */;
			targetProxy = 284E37671C69BD2E0087EE9B /* PBXContainerItemProxy */;
		};
		284E37731C69BD2E0087EE9B /* PBXTargetDependency */ = {
			isa = PBXTargetDependency;
			target = 284E37491C69BD2E0087EE9B /* iLoad223Remington */;
			targetProxy = 284E37721C69BD2E0087EE9B /* PBXContainerItemProxy */;
		};
/* End PBXTargetDependency section */

/* Begin PBXVariantGroup section */
		284E37561C69BD2E0087EE9B /* Main.storyboard */ = {
			isa = PBXVariantGroup;
			children = (
				284E37571C69BD2E0087EE9B /* Base */,
			);
			name = Main.storyboard;
			sourceTree = "<group>";
		};
		284E375E1C69BD2E0087EE9B /* LaunchScreen.storyboard */ = {
			isa = PBXVariantGroup;
			children = (
				284E375F1C69BD2E0087EE9B /* Base */,
			);
			name = LaunchScreen.storyboard;
			sourceTree = "<group>";
		};
/* End PBXVariantGroup section */

/* Begin XCBuildConfiguration section */
		284E37781C69BD2E0087EE9B /* Debug */ = {
			isa = XCBuildConfiguration;
			buildSettings = {
				ALWAYS_SEARCH_USER_PATHS = NO;
				CLANG_CXX_LANGUAGE_STANDARD = "gnu++0x";
				CLANG_CXX_LIBRARY = "libc++";
				CLANG_ENABLE_MODULES = YES;
				CLANG_ENABLE_OBJC_ARC = YES;
				CLANG_WARN_BOOL_CONVERSION = YES;
				CLANG_WARN_CONSTANT_CONVERSION = YES;
				CLANG_WARN_DIRECT_OBJC_ISA_USAGE = YES_ERROR;
				CLANG_WARN_EMPTY_BODY = YES;
				CLANG_WARN_ENUM_CONVERSION = YES;
				CLANG_WARN_INT_CONVERSION = YES;
				CLANG_WARN_OBJC_ROOT_CLASS = YES_ERROR;
				CLANG_WARN_UNREACHABLE_CODE = YES;
				CLANG_WARN__DUPLICATE_METHOD_MATCH = YES;
				"CODE_SIGN_IDENTITY[sdk=iphoneos*]" = "iPhone Developer";
				COPY_PHASE_STRIP = NO;
				DEBUG_INFORMATION_FORMAT = dwarf;
				ENABLE_STRICT_OBJC_MSGSEND = YES;
				ENABLE_TESTABILITY = YES;
				GCC_C_LANGUAGE_STANDARD = gnu99;
				GCC_DYNAMIC_NO_PIC = NO;
				GCC_NO_COMMON_BLOCKS = YES;
				GCC_OPTIMIZATION_LEVEL = 0;
				GCC_PREPROCESSOR_DEFINITIONS = (
					"DEBUG=1",
					"$(inherited)",
				);
				GCC_WARN_64_TO_32_BIT_CONVERSION = YES;
				GCC_WARN_ABOUT_RETURN_TYPE = YES_ERROR;
				GCC_WARN_UNDECLARED_SELECTOR = YES;
				GCC_WARN_UNINITIALIZED_AUTOS = YES_AGGRESSIVE;
				GCC_WARN_UNUSED_FUNCTION = YES;
				GCC_WARN_UNUSED_VARIABLE = YES;
				IPHONEOS_DEPLOYMENT_TARGET = 9.2;
				MTL_ENABLE_DEBUG_INFO = YES;
				ONLY_ACTIVE_ARCH = YES;
				SDKROOT = iphoneos;
			};
			name = Debug;
		};
		284E37791C69BD2E0087EE9B /* Release */ = {
			isa = XCBuildConfiguration;
			buildSettings = {
				ALWAYS_SEARCH_USER_PATHS = NO;
				CLANG_CXX_LANGUAGE_STANDARD = "gnu++0x";
				CLANG_CXX_LIBRARY = "libc++";
				CLANG_ENABLE_MODULES = YES;
				CLANG_ENABLE_OBJC_ARC = YES;
				CLANG_WARN_BOOL_CONVERSION = YES;
				CLANG_WARN_CONSTANT_CONVERSION = YES;
				CLANG_WARN_DIRECT_OBJC_ISA_USAGE = YES_ERROR;
				CLANG_WARN_EMPTY_BODY = YES;
				CLANG_WARN_ENUM_CONVERSION = YES;
				CLANG_WARN_INT_CONVERSION = YES;
				CLANG_WARN_OBJC_ROOT_CLASS = YES_ERROR;
				CLANG_WARN_UNREACHABLE_CODE = YES;
				CLANG_WARN__DUPLICATE_METHOD_MATCH = YES;
				"CODE_SIGN_IDENTITY[sdk=iphoneos*]" = "iPhone Developer";
				COPY_PHASE_STRIP = NO;
				DEBUG_INFORMATION_FORMAT = "dwarf-with-dsym";
				ENABLE_NS_ASSERTIONS = NO;
				ENABLE_STRICT_OBJC_MSGSEND = YES;
				GCC_C_LANGUAGE_STANDARD = gnu99;
				GCC_NO_COMMON_BLOCKS = YES;
				GCC_WARN_64_TO_32_BIT_CONVERSION = YES;
				GCC_WARN_ABOUT_RETURN_TYPE = YES_ERROR;
				GCC_WARN_UNDECLARED_SELECTOR = YES;
				GCC_WARN_UNINITIALIZED_AUTOS = YES_AGGRESSIVE;
				GCC_WARN_UNUSED_FUNCTION = YES;
				GCC_WARN_UNUSED_VARIABLE = YES;
				IPHONEOS_DEPLOYMENT_TARGET = 9.2;
				MTL_ENABLE_DEBUG_INFO = NO;
				SDKROOT = iphoneos;
				VALIDATE_PRODUCT = YES;
			};
			name = Release;
		};
		284E377B1C69BD2E0087EE9B /* Debug */ = {
			isa = XCBuildConfiguration;
			buildSettings = {
				ASSETCATALOG_COMPILER_APPICON_NAME = AppIcon;
				INFOPLIST_FILE = iLoad223Remington/Info.plist;
				LD_RUNPATH_SEARCH_PATHS = "$(inherited) @executable_path/Frameworks";
				PRODUCT_BUNDLE_IDENTIFIER = com.capitolcitysoftware.iLoad223Remington;
				PRODUCT_NAME = "$(TARGET_NAME)";
			};
			name = Debug;
		};
		284E377C1C69BD2E0087EE9B /* Release */ = {
			isa = XCBuildConfiguration;
			buildSettings = {
				ASSETCATALOG_COMPILER_APPICON_NAME = AppIcon;
				INFOPLIST_FILE = iLoad223Remington/Info.plist;
				LD_RUNPATH_SEARCH_PATHS = "$(inherited) @executable_path/Frameworks";
				PRODUCT_BUNDLE_IDENTIFIER = com.capitolcitysoftware.iLoad223Remington;
				PRODUCT_NAME = "$(TARGET_NAME)";
			};
			name = Release;
		};
		284E377E1C69BD2E0087EE9B /* Debug */ = {
			isa = XCBuildConfiguration;
			buildSettings = {
				BUNDLE_LOADER = "$(TEST_HOST)";
				INFOPLIST_FILE = iLoad223RemingtonTests/Info.plist;
				LD_RUNPATH_SEARCH_PATHS = "$(inherited) @executable_path/Frameworks @loader_path/Frameworks";
				PRODUCT_BUNDLE_IDENTIFIER = com.capitolcitysoftware.iLoad223RemingtonTests;
				PRODUCT_NAME = "$(TARGET_NAME)";
				TEST_HOST = "$(BUILT_PRODUCTS_DIR)/iLoad223Remington.app/iLoad223Remington";
			};
			name = Debug;
		};
		284E377F1C69BD2E0087EE9B /* Release */ = {
			isa = XCBuildConfiguration;
			buildSettings = {
				BUNDLE_LOADER = "$(TEST_HOST)";
				INFOPLIST_FILE = iLoad223RemingtonTests/Info.plist;
				LD_RUNPATH_SEARCH_PATHS = "$(inherited) @executable_path/Frameworks @loader_path/Frameworks";
				PRODUCT_BUNDLE_IDENTIFIER = com.capitolcitysoftware.iLoad223RemingtonTests;
				PRODUCT_NAME = "$(TARGET_NAME)";
				TEST_HOST = "$(BUILT_PRODUCTS_DIR)/iLoad223Remington.app/iLoad223Remington";
			};
			name = Release;
		};
		284E37811C69BD2E0087EE9B /* Debug */ = {
			isa = XCBuildConfiguration;
			buildSettings = {
				INFOPLIST_FILE = iLoad223RemingtonUITests/Info.plist;
				LD_RUNPATH_SEARCH_PATHS = "$(inherited) @executable_path/Frameworks @loader_path/Frameworks";
				PRODUCT_BUNDLE_IDENTIFIER = com.capitolcitysoftware.iLoad223RemingtonUITests;
				PRODUCT_NAME = "$(TARGET_NAME)";
				TEST_TARGET_NAME = iLoad223Remington;
				USES_XCTRUNNER = YES;
			};
			name = Debug;
		};
		284E37821C69BD2E0087EE9B /* Release */ = {
			isa = XCBuildConfiguration;
			buildSettings = {
				INFOPLIST_FILE = iLoad223RemingtonUITests/Info.plist;
				LD_RUNPATH_SEARCH_PATHS = "$(inherited) @executable_path/Frameworks @loader_path/Frameworks";
				PRODUCT_BUNDLE_IDENTIFIER = com.capitolcitysoftware.iLoad223RemingtonUITests;
				PRODUCT_NAME = "$(TARGET_NAME)";
				TEST_TARGET_NAME = iLoad223Remington;
				USES_XCTRUNNER = YES;
			};
			name = Release;
		};
/* End XCBuildConfiguration section */

/* Begin XCConfigurationList section */
		284E37451C69BD2E0087EE9B /* Build configuration list for PBXProject "iLoad223Remington" */ = {
			isa = XCConfigurationList;
			buildConfigurations = (
				284E37781C69BD2E0087EE9B /* Debug */,
				284E37791C69BD2E0087EE9B /* Release */,
			);
			defaultConfigurationIsVisible = 0;
			defaultConfigurationName = Release;
		};
		284E377A1C69BD2E0087EE9B /* Build configuration list for PBXNativeTarget "iLoad223Remington" */ = {
			isa = XCConfigurationList;
			buildConfigurations = (
				284E377B1C69BD2E0087EE9B /* Debug */,
				284E377C1C69BD2E0087EE9B /* Release */,
			);
			defaultConfigurationIsVisible = 0;
		};
		284E377D1C69BD2E0087EE9B /* Build configuration list for PBXNativeTarget "iLoad223RemingtonTests" */ = {
			isa = XCConfigurationList;
			buildConfigurations = (
				284E377E1C69BD2E0087EE9B /* Debug */,
				284E377F1C69BD2E0087EE9B /* Release */,
			);
			defaultConfigurationIsVisible = 0;
		};
		284E37801C69BD2E0087EE9B /* Build configuration list for PBXNativeTarget "iLoad223RemingtonUITests" */ = {
			isa = XCConfigurationList;
			buildConfigurations = (
				284E37811C69BD2E0087EE9B /* Debug */,
				284E37821C69BD2E0087EE9B /* Release */,
			);
			defaultConfigurationIsVisible = 0;
		};
/* End XCConfigurationList section */

/* Begin XCVersionGroup section */
		284E37591C69BD2E0087EE9B /* iLoad223Remington.xcdatamodeld */ = {
			isa = XCVersionGroup;
			children = (
				284E375A1C69BD2E0087EE9B /* iLoad223Remington.xcdatamodel */,
			);
			currentVersion = 284E375A1C69BD2E0087EE9B /* iLoad223Remington.xcdatamodel */;
			path = iLoad223Remington.xcdatamodeld;
			sourceTree = "<group>";
			versionGroupType = wrapper.xcdatamodel;
		};
/* End XCVersionGroup section */
	};
	rootObject = 284E37421C69BD2E0087EE9B /* Project object */;
}
